
Microsoft Visual Studio Solution File, Format Version 12.00
# Visual Studio Version 17
VisualStudioVersion = 17.14.36623.8
MinimumVisualStudioVersion = 10.0.40219.1
Project("{2150E333-8FDC-42A3-9474-1A3956D46DE8}") = "1- Web", "1- Web", "{02EA681E-C7D8-13C7-8484-4AC65E1B71E8}"
EndProject
Project("{FAE04EC0-301F-11D3-BF4B-00C04F79EFBC}") = "SVG.WebApp", "SVG.WebApp\SVG.WebApp.csproj", "{4CB55C82-6019-4721-B99A-F086F2718947}"
EndProject
Project("{2150E333-8FDC-42A3-9474-1A3956D46DE8}") = "2- App", "2- App", "{05F758C6-4C19-4558-A097-F19EC0EA5204}"
EndProject
Project("{FAE04EC0-301F-11D3-BF4B-00C04F79EFBC}") = "SVG.App", "SVG.App\SVG.App.csproj", "{B06BBC96-1FEB-4378-8586-A3B42AC9F02D}"
EndProject
Project("{2150E333-8FDC-42A3-9474-1A3956D46DE8}") = "3- Domain", "3- Domain", "{3A69E6FB-A72D-4D6C-9175-E4DA9A2BC73B}"
EndProject
Project("{2150E333-8FDC-42A3-9474-1A3956D46DE8}") = "4- Infra", "4- Infra", "{E88A0E57-6FA0-4DF7-AD67-8FB25920DFBF}"
EndProject
Project("{FAE04EC0-301F-11D3-BF4B-00C04F79EFBC}") = "SVG.Domain", "SVG.Domain\SVG.Domain.csproj", "{20425932-42C6-41C5-AFE2-9C8CD82BA3D1}"
EndProject
Project("{FAE04EC0-301F-11D3-BF4B-00C04F79EFBC}") = "SVG.Infra", "SVG.Infra\SVG.Infra.csproj", "{3F246E2B-4D32-4EF9-9CBB-53E086667BB3}"
EndProject
Project("{FAE04EC0-301F-11D3-BF4B-00C04F79EFBC}") = "SVG.IoC", "SVG.Cross\SVG.IoC.csproj", "{160896EA-F42A-480F-83A6-9C5905700B51}"
EndProject
Project("{2150E333-8FDC-42A3-9474-1A3956D46DE8}") = "5- CrossCutting", "5- CrossCutting", "{82847258-26E4-4A34-800A-1F095EBE5FA0}"
EndProject
Global
	GlobalSection(SolutionConfigurationPlatforms) = preSolution
		Debug|Any CPU = Debug|Any CPU
		Release|Any CPU = Release|Any CPU
	EndGlobalSection
	GlobalSection(ProjectConfigurationPlatforms) = postSolution
		{4CB55C82-6019-4721-B99A-F086F2718947}.Debug|Any CPU.ActiveCfg = Debug|Any CPU
		{4CB55C82-6019-4721-B99A-F086F2718947}.Debug|Any CPU.Build.0 = Debug|Any CPU
		{4CB55C82-6019-4721-B99A-F086F2718947}.Release|Any CPU.ActiveCfg = Release|Any CPU
		{4CB55C82-6019-4721-B99A-F086F2718947}.Release|Any CPU.Build.0 = Release|Any CPU
		{B06BBC96-1FEB-4378-8586-A3B42AC9F02D}.Debug|Any CPU.ActiveCfg = Debug|Any CPU
		{B06BBC96-1FEB-4378-8586-A3B42AC9F02D}.Debug|Any CPU.Build.0 = Debug|Any CPU
		{B06BBC96-1FEB-4378-8586-A3B42AC9F02D}.Release|Any CPU.ActiveCfg = Release|Any CPU
		{B06BBC96-1FEB-4378-8586-A3B42AC9F02D}.Release|Any CPU.Build.0 = Release|Any CPU
		{20425932-42C6-41C5-AFE2-9C8CD82BA3D1}.Debug|Any CPU.ActiveCfg = Debug|Any CPU
		{20425932-42C6-41C5-AFE2-9C8CD82BA3D1}.Debug|Any CPU.Build.0 = Debug|Any CPU
		{20425932-42C6-41C5-AFE2-9C8CD82BA3D1}.Release|Any CPU.ActiveCfg = Release|Any CPU
		{20425932-42C6-41C5-AFE2-9C8CD82BA3D1}.Release|Any CPU.Build.0 = Release|Any CPU
		{3F246E2B-4D32-4EF9-9CBB-53E086667BB3}.Debug|Any CPU.ActiveCfg = Debug|Any CPU
		{3F246E2B-4D32-4EF9-9CBB-53E086667BB3}.Debug|Any CPU.Build.0 = Debug|Any CPU
		{3F246E2B-4D32-4EF9-9CBB-53E086667BB3}.Release|Any CPU.ActiveCfg = Release|Any CPU
		{3F246E2B-4D32-4EF9-9CBB-53E086667BB3}.Release|Any CPU.Build.0 = Release|Any CPU
		{160896EA-F42A-480F-83A6-9C5905700B51}.Debug|Any CPU.ActiveCfg = Debug|Any CPU
		{160896EA-F42A-480F-83A6-9C5905700B51}.Debug|Any CPU.Build.0 = Debug|Any CPU
		{160896EA-F42A-480F-83A6-9C5905700B51}.Release|Any CPU.ActiveCfg = Release|Any CPU
		{160896EA-F42A-480F-83A6-9C5905700B51}.Release|Any CPU.Build.0 = Release|Any CPU
	EndGlobalSection
	GlobalSection(SolutionProperties) = preSolution
		HideSolutionNode = FALSE
	EndGlobalSection
	GlobalSection(NestedProjects) = preSolution
		{4CB55C82-6019-4721-B99A-F086F2718947} = {02EA681E-C7D8-13C7-8484-4AC65E1B71E8}
		{B06BBC96-1FEB-4378-8586-A3B42AC9F02D} = {05F758C6-4C19-4558-A097-F19EC0EA5204}
		{20425932-42C6-41C5-AFE2-9C8CD82BA3D1} = {3A69E6FB-A72D-4D6C-9175-E4DA9A2BC73B}
		{3F246E2B-4D32-4EF9-9CBB-53E086667BB3} = {E88A0E57-6FA0-4DF7-AD67-8FB25920DFBF}
		{160896EA-F42A-480F-83A6-9C5905700B51} = {82847258-26E4-4A34-800A-1F095EBE5FA0}
	EndGlobalSection
	GlobalSection(ExtensibilityGlobals) = postSolution
		SolutionGuid = {4FDB0B66-5739-4D3E-9888-4067F94BF2B8}
	EndGlobalSection
EndGlobal
